
Microsoft Visual Studio Solution File, Format Version 12.00
Project("{FAE04EC0-301F-11D3-BF4B-00C04F79EFBC}") = "CardGamePlayerBot", "CardGamePlayerBot\CardGamePlayerBot.csproj", "{970A47F1-AD16-48D8-9471-82C50BA35876}"
EndProject
Project("{FAE04EC0-301F-11D3-BF4B-00C04F79EFBC}") = "Poker", "Poker\Poker.csproj", "{18FE1127-C4DF-4032-983E-9C63FA9E2A9D}"
EndProject
Global
	GlobalSection(SolutionConfigurationPlatforms) = preSolution
		Debug|Any CPU = Debug|Any CPU
		Release|Any CPU = Release|Any CPU
	EndGlobalSection
	GlobalSection(ProjectConfigurationPlatforms) = postSolution
		{970A47F1-AD16-48D8-9471-82C50BA35876}.Debug|Any CPU.ActiveCfg = Debug|Any CPU
		{970A47F1-AD16-48D8-9471-82C50BA35876}.Debug|Any CPU.Build.0 = Debug|Any CPU
		{970A47F1-AD16-48D8-9471-82C50BA35876}.Release|Any CPU.ActiveCfg = Release|Any CPU
		{970A47F1-AD16-48D8-9471-82C50BA35876}.Release|Any CPU.Build.0 = Release|Any CPU
		{18FE1127-C4DF-4032-983E-9C63FA9E2A9D}.Debug|Any CPU.ActiveCfg = Debug|Any CPU
		{18FE1127-C4DF-4032-983E-9C63FA9E2A9D}.Debug|Any CPU.Build.0 = Debug|Any CPU
		{18FE1127-C4DF-4032-983E-9C63FA9E2A9D}.Release|Any CPU.ActiveCfg = Release|Any CPU
		{18FE1127-C4DF-4032-983E-9C63FA9E2A9D}.Release|Any CPU.Build.0 = Release|Any CPU
	EndGlobalSection
EndGlobal
